
Microsoft Visual Studio Solution File, Format Version 12.00
# Visual Studio Version 17
VisualStudioVersion = 17.9.34723.18
MinimumVisualStudioVersion = 10.0.40219.1
Project("{FAE04EC0-301F-11D3-BF4B-00C04F79EFBC}") = "VCheckListenerWorker", "VCheckListenerWorker.csproj", "{F1BD9362-29CF-4151-8723-DD6E33B3675A}"
EndProject
Global
	GlobalSection(SolutionConfigurationPlatforms) = preSolution
		Debug|Any CPU = Debug|Any CPU
		Release|Any CPU = Release|Any CPU
	EndGlobalSection
	GlobalSection(ProjectConfigurationPlatforms) = postSolution
		{F1BD9362-29CF-4151-8723-DD6E33B3675A}.Debug|Any CPU.ActiveCfg = Debug|Any CPU
		{F1BD9362-29CF-4151-8723-DD6E33B3675A}.Debug|Any CPU.Build.0 = Debug|Any CPU
		{F1BD9362-29CF-4151-8723-DD6E33B3675A}.Release|Any CPU.ActiveCfg = Release|Any CPU
		{F1BD9362-29CF-4151-8723-DD6E33B3675A}.Release|Any CPU.Build.0 = Release|Any CPU
	EndGlobalSection
	GlobalSection(SolutionProperties) = preSolution
		HideSolutionNode = FALSE
	EndGlobalSection
	GlobalSection(ExtensibilityGlobals) = postSolution
		SolutionGuid = {69D5638D-FB31-45EB-8BDC-2A17CAE2FD51}
	EndGlobalSection
EndGlobal
